
Microsoft Visual Studio Solution File, Format Version 12.00
# Visual Studio Version 16
VisualStudioVersion = 16.0.31624.102
MinimumVisualStudioVersion = 10.0.40219.1
Project("{9A19103F-16F7-4668-BE54-9A1E7A4F7556}") = "ITStep.First", "ITStep.First\ITStep.First.csproj", "{BBDB4895-2975-4313-90B8-39D873D3AB27}"
EndProject
Project("{FAE04EC0-301F-11D3-BF4B-00C04F79EFBC}") = "CMS", "CMS\CMS.csproj", "{959574E8-B9D3-4B1D-BE01-555035E93085}"
EndProject
Global
	GlobalSection(SolutionConfigurationPlatforms) = preSolution
		Debug|Any CPU = Debug|Any CPU
		Release|Any CPU = Release|Any CPU
	EndGlobalSection
	GlobalSection(ProjectConfigurationPlatforms) = postSolution
		{BBDB4895-2975-4313-90B8-39D873D3AB27}.Debug|Any CPU.ActiveCfg = Debug|Any CPU
		{BBDB4895-2975-4313-90B8-39D873D3AB27}.Debug|Any CPU.Build.0 = Debug|Any CPU
		{BBDB4895-2975-4313-90B8-39D873D3AB27}.Release|Any CPU.ActiveCfg = Release|Any CPU
		{BBDB4895-2975-4313-90B8-39D873D3AB27}.Release|Any CPU.Build.0 = Release|Any CPU
		{959574E8-B9D3-4B1D-BE01-555035E93085}.Debug|Any CPU.ActiveCfg = Debug|Any CPU
		{959574E8-B9D3-4B1D-BE01-555035E93085}.Debug|Any CPU.Build.0 = Debug|Any CPU
		{959574E8-B9D3-4B1D-BE01-555035E93085}.Release|Any CPU.ActiveCfg = Release|Any CPU
		{959574E8-B9D3-4B1D-BE01-555035E93085}.Release|Any CPU.Build.0 = Release|Any CPU
	EndGlobalSection
	GlobalSection(SolutionProperties) = preSolution
		HideSolutionNode = FALSE
	EndGlobalSection
	GlobalSection(ExtensibilityGlobals) = postSolution
		SolutionGuid = {BF61460F-3A5A-4FFE-8DC0-20D23DDF2E35}
	EndGlobalSection
EndGlobal
